
Microsoft Visual Studio Solution File, Format Version 12.00
# Visual Studio Version 16
VisualStudioVersion = 16.0.30804.86
MinimumVisualStudioVersion = 10.0.40219.1
Project("{FAE04EC0-301F-11D3-BF4B-00C04F79EFBC}") = "FileDownloaderApp", "FileDownloaderLib\FileDownloaderApp.csproj", "{066CACA9-5481-48DC-A98F-EA88427B7D29}"
EndProject
Global
	GlobalSection(SolutionConfigurationPlatforms) = preSolution
		Debug|Any CPU = Debug|Any CPU
		Release|Any CPU = Release|Any CPU
	EndGlobalSection
	GlobalSection(ProjectConfigurationPlatforms) = postSolution
		{066CACA9-5481-48DC-A98F-EA88427B7D29}.Debug|Any CPU.ActiveCfg = Debug|Any CPU
		{066CACA9-5481-48DC-A98F-EA88427B7D29}.Debug|Any CPU.Build.0 = Debug|Any CPU
		{066CACA9-5481-48DC-A98F-EA88427B7D29}.Release|Any CPU.ActiveCfg = Release|Any CPU
		{066CACA9-5481-48DC-A98F-EA88427B7D29}.Release|Any CPU.Build.0 = Release|Any CPU
	EndGlobalSection
	GlobalSection(SolutionProperties) = preSolution
		HideSolutionNode = FALSE
	EndGlobalSection
	GlobalSection(ExtensibilityGlobals) = postSolution
		SolutionGuid = {8855B291-5C09-485E-954C-8394921254B8}
	EndGlobalSection
EndGlobal
