
Microsoft Visual Studio Solution File, Format Version 12.00
# Visual Studio Version 16
VisualStudioVersion = 16.0.30804.86
MinimumVisualStudioVersion = 10.0.40219.1
Project("{FAE04EC0-301F-11D3-BF4B-00C04F79EFBC}") = "FileIOApp", "FileIOApp\FileIOApp.csproj", "{B68AA619-AE08-411A-B41D-6D8319DE5A90}"
EndProject
Global
	GlobalSection(SolutionConfigurationPlatforms) = preSolution
		Debug|Any CPU = Debug|Any CPU
		Release|Any CPU = Release|Any CPU
	EndGlobalSection
	GlobalSection(ProjectConfigurationPlatforms) = postSolution
		{B68AA619-AE08-411A-B41D-6D8319DE5A90}.Debug|Any CPU.ActiveCfg = Debug|Any CPU
		{B68AA619-AE08-411A-B41D-6D8319DE5A90}.Debug|Any CPU.Build.0 = Debug|Any CPU
		{B68AA619-AE08-411A-B41D-6D8319DE5A90}.Release|Any CPU.ActiveCfg = Release|Any CPU
		{B68AA619-AE08-411A-B41D-6D8319DE5A90}.Release|Any CPU.Build.0 = Release|Any CPU
	EndGlobalSection
	GlobalSection(SolutionProperties) = preSolution
		HideSolutionNode = FALSE
	EndGlobalSection
	GlobalSection(ExtensibilityGlobals) = postSolution
		SolutionGuid = {C24CACE0-1518-4B8C-B6D9-82668C246B08}
	EndGlobalSection
EndGlobal
