
Microsoft Visual Studio Solution File, Format Version 12.00
# Visual Studio Version 16
VisualStudioVersion = 16.0.30804.86
MinimumVisualStudioVersion = 10.0.40219.1
Project("{FAE04EC0-301F-11D3-BF4B-00C04F79EFBC}") = "EmployeeApp.Entites", "EmployeeApp.Entites\EmployeeApp.Entites.csproj", "{C0563B61-37C4-409D-9C18-0E568B983C3B}"
EndProject
Project("{FAE04EC0-301F-11D3-BF4B-00C04F79EFBC}") = "EmployeeApp.Exceptions", "EmployeeApp.Exceptions\EmployeeApp.Exceptions.csproj", "{7493CF8C-7C98-487F-95A1-A27A65F5107B}"
EndProject
Project("{FAE04EC0-301F-11D3-BF4B-00C04F79EFBC}") = "EmployeeApp.DataAccessLayer", "EmployeeApp.DataAccessLayer\EmployeeApp.DataAccessLayer.csproj", "{ADD98048-58FC-47B1-8CCD-5D3B71FF5293}"
EndProject
Project("{FAE04EC0-301F-11D3-BF4B-00C04F79EFBC}") = "EmployeeApp.BusinessLayer", "EmployeeApp.BusinessLayer\EmployeeApp.BusinessLayer.csproj", "{3D76C4D5-78C4-4F5E-810C-5E93CA6847BF}"
EndProject
Project("{FAE04EC0-301F-11D3-BF4B-00C04F79EFBC}") = "EmployeeApp.PresentationLayer", "EmployeeApp.PresentationLayer\EmployeeApp.PresentationLayer.csproj", "{94BFDBD7-42D9-4AD9-B7B9-963C4DDA61F7}"
EndProject
Global
	GlobalSection(SolutionConfigurationPlatforms) = preSolution
		Debug|Any CPU = Debug|Any CPU
		Release|Any CPU = Release|Any CPU
	EndGlobalSection
	GlobalSection(ProjectConfigurationPlatforms) = postSolution
		{C0563B61-37C4-409D-9C18-0E568B983C3B}.Debug|Any CPU.ActiveCfg = Debug|Any CPU
		{C0563B61-37C4-409D-9C18-0E568B983C3B}.Debug|Any CPU.Build.0 = Debug|Any CPU
		{C0563B61-37C4-409D-9C18-0E568B983C3B}.Release|Any CPU.ActiveCfg = Release|Any CPU
		{C0563B61-37C4-409D-9C18-0E568B983C3B}.Release|Any CPU.Build.0 = Release|Any CPU
		{7493CF8C-7C98-487F-95A1-A27A65F5107B}.Debug|Any CPU.ActiveCfg = Debug|Any CPU
		{7493CF8C-7C98-487F-95A1-A27A65F5107B}.Debug|Any CPU.Build.0 = Debug|Any CPU
		{7493CF8C-7C98-487F-95A1-A27A65F5107B}.Release|Any CPU.ActiveCfg = Release|Any CPU
		{7493CF8C-7C98-487F-95A1-A27A65F5107B}.Release|Any CPU.Build.0 = Release|Any CPU
		{ADD98048-58FC-47B1-8CCD-5D3B71FF5293}.Debug|Any CPU.ActiveCfg = Debug|Any CPU
		{ADD98048-58FC-47B1-8CCD-5D3B71FF5293}.Debug|Any CPU.Build.0 = Debug|Any CPU
		{ADD98048-58FC-47B1-8CCD-5D3B71FF5293}.Release|Any CPU.ActiveCfg = Release|Any CPU
		{ADD98048-58FC-47B1-8CCD-5D3B71FF5293}.Release|Any CPU.Build.0 = Release|Any CPU
		{3D76C4D5-78C4-4F5E-810C-5E93CA6847BF}.Debug|Any CPU.ActiveCfg = Debug|Any CPU
		{3D76C4D5-78C4-4F5E-810C-5E93CA6847BF}.Debug|Any CPU.Build.0 = Debug|Any CPU
		{3D76C4D5-78C4-4F5E-810C-5E93CA6847BF}.Release|Any CPU.ActiveCfg = Release|Any CPU
		{3D76C4D5-78C4-4F5E-810C-5E93CA6847BF}.Release|Any CPU.Build.0 = Release|Any CPU
		{94BFDBD7-42D9-4AD9-B7B9-963C4DDA61F7}.Debug|Any CPU.ActiveCfg = Debug|Any CPU
		{94BFDBD7-42D9-4AD9-B7B9-963C4DDA61F7}.Debug|Any CPU.Build.0 = Debug|Any CPU
		{94BFDBD7-42D9-4AD9-B7B9-963C4DDA61F7}.Release|Any CPU.ActiveCfg = Release|Any CPU
		{94BFDBD7-42D9-4AD9-B7B9-963C4DDA61F7}.Release|Any CPU.Build.0 = Release|Any CPU
	EndGlobalSection
	GlobalSection(SolutionProperties) = preSolution
		HideSolutionNode = FALSE
	EndGlobalSection
	GlobalSection(ExtensibilityGlobals) = postSolution
		SolutionGuid = {0112D780-011D-49D5-B0D1-B663CA0C847C}
	EndGlobalSection
EndGlobal
